
Microsoft Visual Studio Solution File, Format Version 12.00
# Visual Studio 2013
VisualStudioVersion = 12.0.30110.0
MinimumVisualStudioVersion = 10.0.40219.1
Project("{FAE04EC0-301F-11D3-BF4B-00C04F79EFBC}") = "Assembly-CSharp-vs", "..\Assembly-CSharp-vs.csproj", "{77948430-1D0B-EC1B-F486-F45874EAB710}"
EndProject
Project("{FAE04EC0-301F-11D3-BF4B-00C04F79EFBC}") = "DbObjectLib", "..\DbObjectLib\DbObjectLib.csproj", "{E96184BD-18D7-4207-94DF-194768AD6899}"
EndProject
Project("{FAE04EC0-301F-11D3-BF4B-00C04F79EFBC}") = "GoabanDbTest", "GoabanTest\GoabanDbTest.csproj", "{8BE81F3C-93D1-47B9-9A95-E076B59CA0E5}"
EndProject
Project("{FAE04EC0-301F-11D3-BF4B-00C04F79EFBC}") = "GobanTest", "GobanTest\GobanTest.csproj", "{FBED95A1-7FDF-49B2-812A-804DAC43E592}"
EndProject
Global
	GlobalSection(SolutionConfigurationPlatforms) = preSolution
		Debug|Any CPU = Debug|Any CPU
		Release|Any CPU = Release|Any CPU
	EndGlobalSection
	GlobalSection(ProjectConfigurationPlatforms) = postSolution
		{77948430-1D0B-EC1B-F486-F45874EAB710}.Debug|Any CPU.ActiveCfg = Debug|Any CPU
		{77948430-1D0B-EC1B-F486-F45874EAB710}.Debug|Any CPU.Build.0 = Debug|Any CPU
		{77948430-1D0B-EC1B-F486-F45874EAB710}.Release|Any CPU.ActiveCfg = Release|Any CPU
		{77948430-1D0B-EC1B-F486-F45874EAB710}.Release|Any CPU.Build.0 = Release|Any CPU
		{E96184BD-18D7-4207-94DF-194768AD6899}.Debug|Any CPU.ActiveCfg = Debug|Any CPU
		{E96184BD-18D7-4207-94DF-194768AD6899}.Debug|Any CPU.Build.0 = Debug|Any CPU
		{E96184BD-18D7-4207-94DF-194768AD6899}.Release|Any CPU.ActiveCfg = Release|Any CPU
		{E96184BD-18D7-4207-94DF-194768AD6899}.Release|Any CPU.Build.0 = Release|Any CPU
		{8BE81F3C-93D1-47B9-9A95-E076B59CA0E5}.Debug|Any CPU.ActiveCfg = Debug|Any CPU
		{8BE81F3C-93D1-47B9-9A95-E076B59CA0E5}.Debug|Any CPU.Build.0 = Debug|Any CPU
		{8BE81F3C-93D1-47B9-9A95-E076B59CA0E5}.Release|Any CPU.ActiveCfg = Release|Any CPU
		{8BE81F3C-93D1-47B9-9A95-E076B59CA0E5}.Release|Any CPU.Build.0 = Release|Any CPU
		{FBED95A1-7FDF-49B2-812A-804DAC43E592}.Debug|Any CPU.ActiveCfg = Debug|Any CPU
		{FBED95A1-7FDF-49B2-812A-804DAC43E592}.Debug|Any CPU.Build.0 = Debug|Any CPU
		{FBED95A1-7FDF-49B2-812A-804DAC43E592}.Release|Any CPU.ActiveCfg = Release|Any CPU
		{FBED95A1-7FDF-49B2-812A-804DAC43E592}.Release|Any CPU.Build.0 = Release|Any CPU
	EndGlobalSection
	GlobalSection(SolutionProperties) = preSolution
		HideSolutionNode = FALSE
	EndGlobalSection
EndGlobal
